
Microsoft Visual Studio Solution File, Format Version 12.00
# Visual Studio Version 17
VisualStudioVersion = 17.4.33213.308
MinimumVisualStudioVersion = 10.0.40219.1
Project("{8BC9CEB8-8B4A-11D0-8D11-00A0C91BC942}") = "firstProject", "firstProject\firstProject.vcxproj", "{EBCFF9D4-CE65-429D-A569-7251899DDBDE}"
EndProject
Project("{8BC9CEB8-8B4A-11D0-8D11-00A0C91BC942}") = "Lesson_02", "Lesson_02\Lesson_02.vcxproj", "{1104A2B1-A1BB-4CD6-8679-6729CA2AEC35}"
EndProject
Global
	GlobalSection(SolutionConfigurationPlatforms) = preSolution
		Debug|x64 = Debug|x64
		Debug|x86 = Debug|x86
		Release|x64 = Release|x64
		Release|x86 = Release|x86
	EndGlobalSection
	GlobalSection(ProjectConfigurationPlatforms) = postSolution
		{EBCFF9D4-CE65-429D-A569-7251899DDBDE}.Debug|x64.ActiveCfg = Debug|x64
		{EBCFF9D4-CE65-429D-A569-7251899DDBDE}.Debug|x64.Build.0 = Debug|x64
		{EBCFF9D4-CE65-429D-A569-7251899DDBDE}.Debug|x86.ActiveCfg = Debug|Win32
		{EBCFF9D4-CE65-429D-A569-7251899DDBDE}.Debug|x86.Build.0 = Debug|Win32
		{EBCFF9D4-CE65-429D-A569-7251899DDBDE}.Release|x64.ActiveCfg = Release|x64
		{EBCFF9D4-CE65-429D-A569-7251899DDBDE}.Release|x64.Build.0 = Release|x64
		{EBCFF9D4-CE65-429D-A569-7251899DDBDE}.Release|x86.ActiveCfg = Release|Win32
		{EBCFF9D4-CE65-429D-A569-7251899DDBDE}.Release|x86.Build.0 = Release|Win32
		{1104A2B1-A1BB-4CD6-8679-6729CA2AEC35}.Debug|x64.ActiveCfg = Debug|x64
		{1104A2B1-A1BB-4CD6-8679-6729CA2AEC35}.Debug|x64.Build.0 = Debug|x64
		{1104A2B1-A1BB-4CD6-8679-6729CA2AEC35}.Debug|x86.ActiveCfg = Debug|Win32
		{1104A2B1-A1BB-4CD6-8679-6729CA2AEC35}.Debug|x86.Build.0 = Debug|Win32
		{1104A2B1-A1BB-4CD6-8679-6729CA2AEC35}.Release|x64.ActiveCfg = Release|x64
		{1104A2B1-A1BB-4CD6-8679-6729CA2AEC35}.Release|x64.Build.0 = Release|x64
		{1104A2B1-A1BB-4CD6-8679-6729CA2AEC35}.Release|x86.ActiveCfg = Release|Win32
		{1104A2B1-A1BB-4CD6-8679-6729CA2AEC35}.Release|x86.Build.0 = Release|Win32
	EndGlobalSection
	GlobalSection(SolutionProperties) = preSolution
		HideSolutionNode = FALSE
	EndGlobalSection
	GlobalSection(ExtensibilityGlobals) = postSolution
		SolutionGuid = {6515B353-1D12-42D5-A528-6FFF6D2B4301}
	EndGlobalSection
EndGlobal
